
Microsoft Visual Studio Solution File, Format Version 12.00
# Visual Studio Version 16
VisualStudioVersion = 16.0.32126.315
MinimumVisualStudioVersion = 10.0.40219.1
Project("{FAE04EC0-301F-11D3-BF4B-00C04F79EFBC}") = "BD", "BD\BD.csproj", "{B5A9C1A0-F1FB-4742-BA7B-CDAB55A0332A}"
EndProject
Project("{FAE04EC0-301F-11D3-BF4B-00C04F79EFBC}") = "Entity", "Entity\Entity.csproj", "{C36F97FE-A3EC-4F13-8F73-1E36E2376B30}"
EndProject
Project("{FAE04EC0-301F-11D3-BF4B-00C04F79EFBC}") = "WBL", "WBL\WBL.csproj", "{81D9C67B-833B-4BCD-A863-6625E41D3DA5}"
EndProject
Project("{00D1A9C2-B5F0-4AF3-8072-F6C62B433612}") = "BaseDeDatos", "BaseDeDatos\BaseDeDatos.sqlproj", "{86DDBE7A-96FC-4313-9B9E-8A9AD5A63A9C}"
EndProject
Project("{FAE04EC0-301F-11D3-BF4B-00C04F79EFBC}") = "WebApp", "WebApp\WebApp.csproj", "{5AA3BB73-414B-4ABD-9641-EB44D8B0B553}"
EndProject
Global
	GlobalSection(SolutionConfigurationPlatforms) = preSolution
		Debug|Any CPU = Debug|Any CPU
		Release|Any CPU = Release|Any CPU
	EndGlobalSection
	GlobalSection(ProjectConfigurationPlatforms) = postSolution
		{B5A9C1A0-F1FB-4742-BA7B-CDAB55A0332A}.Debug|Any CPU.ActiveCfg = Debug|Any CPU
		{B5A9C1A0-F1FB-4742-BA7B-CDAB55A0332A}.Debug|Any CPU.Build.0 = Debug|Any CPU
		{B5A9C1A0-F1FB-4742-BA7B-CDAB55A0332A}.Release|Any CPU.ActiveCfg = Release|Any CPU
		{B5A9C1A0-F1FB-4742-BA7B-CDAB55A0332A}.Release|Any CPU.Build.0 = Release|Any CPU
		{C36F97FE-A3EC-4F13-8F73-1E36E2376B30}.Debug|Any CPU.ActiveCfg = Debug|Any CPU
		{C36F97FE-A3EC-4F13-8F73-1E36E2376B30}.Debug|Any CPU.Build.0 = Debug|Any CPU
		{C36F97FE-A3EC-4F13-8F73-1E36E2376B30}.Release|Any CPU.ActiveCfg = Release|Any CPU
		{C36F97FE-A3EC-4F13-8F73-1E36E2376B30}.Release|Any CPU.Build.0 = Release|Any CPU
		{81D9C67B-833B-4BCD-A863-6625E41D3DA5}.Debug|Any CPU.ActiveCfg = Debug|Any CPU
		{81D9C67B-833B-4BCD-A863-6625E41D3DA5}.Debug|Any CPU.Build.0 = Debug|Any CPU
		{81D9C67B-833B-4BCD-A863-6625E41D3DA5}.Release|Any CPU.ActiveCfg = Release|Any CPU
		{81D9C67B-833B-4BCD-A863-6625E41D3DA5}.Release|Any CPU.Build.0 = Release|Any CPU
		{86DDBE7A-96FC-4313-9B9E-8A9AD5A63A9C}.Debug|Any CPU.ActiveCfg = Debug|Any CPU
		{86DDBE7A-96FC-4313-9B9E-8A9AD5A63A9C}.Debug|Any CPU.Build.0 = Debug|Any CPU
		{86DDBE7A-96FC-4313-9B9E-8A9AD5A63A9C}.Debug|Any CPU.Deploy.0 = Debug|Any CPU
		{86DDBE7A-96FC-4313-9B9E-8A9AD5A63A9C}.Release|Any CPU.ActiveCfg = Release|Any CPU
		{86DDBE7A-96FC-4313-9B9E-8A9AD5A63A9C}.Release|Any CPU.Build.0 = Release|Any CPU
		{86DDBE7A-96FC-4313-9B9E-8A9AD5A63A9C}.Release|Any CPU.Deploy.0 = Release|Any CPU
		{5AA3BB73-414B-4ABD-9641-EB44D8B0B553}.Debug|Any CPU.ActiveCfg = Debug|Any CPU
		{5AA3BB73-414B-4ABD-9641-EB44D8B0B553}.Debug|Any CPU.Build.0 = Debug|Any CPU
		{5AA3BB73-414B-4ABD-9641-EB44D8B0B553}.Release|Any CPU.ActiveCfg = Release|Any CPU
		{5AA3BB73-414B-4ABD-9641-EB44D8B0B553}.Release|Any CPU.Build.0 = Release|Any CPU
	EndGlobalSection
	GlobalSection(SolutionProperties) = preSolution
		HideSolutionNode = FALSE
	EndGlobalSection
	GlobalSection(ExtensibilityGlobals) = postSolution
		SolutionGuid = {BFBA5244-E8F1-4532-A9EF-1241A30E693B}
	EndGlobalSection
EndGlobal
